
Microsoft Visual Studio Solution File, Format Version 12.00
# Visual Studio Version 16
VisualStudioVersion = 16.0.30503.244
MinimumVisualStudioVersion = 10.0.40219.1
Project("{FAE04EC0-301F-11D3-BF4B-00C04F79EFBC}") = "ConsoleAppDI", "ConsoleAppDI\ConsoleAppDI.csproj", "{613E7B29-1B13-4D32-9CE6-60CA50407652}"
EndProject
Global
	GlobalSection(SolutionConfigurationPlatforms) = preSolution
		Debug|Any CPU = Debug|Any CPU
		Release|Any CPU = Release|Any CPU
	EndGlobalSection
	GlobalSection(ProjectConfigurationPlatforms) = postSolution
		{613E7B29-1B13-4D32-9CE6-60CA50407652}.Debug|Any CPU.ActiveCfg = Debug|Any CPU
		{613E7B29-1B13-4D32-9CE6-60CA50407652}.Debug|Any CPU.Build.0 = Debug|Any CPU
		{613E7B29-1B13-4D32-9CE6-60CA50407652}.Release|Any CPU.ActiveCfg = Release|Any CPU
		{613E7B29-1B13-4D32-9CE6-60CA50407652}.Release|Any CPU.Build.0 = Release|Any CPU
	EndGlobalSection
	GlobalSection(SolutionProperties) = preSolution
		HideSolutionNode = FALSE
	EndGlobalSection
	GlobalSection(ExtensibilityGlobals) = postSolution
		SolutionGuid = {6CEC2926-CB46-4FE4-816C-4CA5626967EE}
	EndGlobalSection
EndGlobal
